
Microsoft Visual Studio Solution File, Format Version 12.00
# Visual Studio Version 17
VisualStudioVersion = 17.9.34723.18
MinimumVisualStudioVersion = 10.0.40219.1
Project("{FAE04EC0-301F-11D3-BF4B-00C04F79EFBC}") = "PryMendozaIntegrador", "PryMendozaIntegrador.csproj", "{74CEDD44-4175-47A1-8C73-717C02DEBE81}"
EndProject
Global
	GlobalSection(SolutionConfigurationPlatforms) = preSolution
		Debug|Any CPU = Debug|Any CPU
		Release|Any CPU = Release|Any CPU
	EndGlobalSection
	GlobalSection(ProjectConfigurationPlatforms) = postSolution
		{74CEDD44-4175-47A1-8C73-717C02DEBE81}.Debug|Any CPU.ActiveCfg = Debug|Any CPU
		{74CEDD44-4175-47A1-8C73-717C02DEBE81}.Debug|Any CPU.Build.0 = Debug|Any CPU
		{74CEDD44-4175-47A1-8C73-717C02DEBE81}.Release|Any CPU.ActiveCfg = Release|Any CPU
		{74CEDD44-4175-47A1-8C73-717C02DEBE81}.Release|Any CPU.Build.0 = Release|Any CPU
	EndGlobalSection
	GlobalSection(SolutionProperties) = preSolution
		HideSolutionNode = FALSE
	EndGlobalSection
	GlobalSection(ExtensibilityGlobals) = postSolution
		SolutionGuid = {64709223-CFB4-4598-8470-7BB7BB908AEB}
	EndGlobalSection
EndGlobal
